
Microsoft Visual Studio Solution File, Format Version 12.00
# Visual Studio Version 17
VisualStudioVersion = 17.10.35013.160
MinimumVisualStudioVersion = 10.0.40219.1
Project("{FAE04EC0-301F-11D3-BF4B-00C04F79EFBC}") = "Calculadora 1", "Calculadora 1.csproj", "{FDE34E97-4276-4A3E-8D2E-47E7C75821EF}"
EndProject
Global
	GlobalSection(SolutionConfigurationPlatforms) = preSolution
		Debug|Any CPU = Debug|Any CPU
		Release|Any CPU = Release|Any CPU
	EndGlobalSection
	GlobalSection(ProjectConfigurationPlatforms) = postSolution
		{FDE34E97-4276-4A3E-8D2E-47E7C75821EF}.Debug|Any CPU.ActiveCfg = Debug|Any CPU
		{FDE34E97-4276-4A3E-8D2E-47E7C75821EF}.Debug|Any CPU.Build.0 = Debug|Any CPU
		{FDE34E97-4276-4A3E-8D2E-47E7C75821EF}.Release|Any CPU.ActiveCfg = Release|Any CPU
		{FDE34E97-4276-4A3E-8D2E-47E7C75821EF}.Release|Any CPU.Build.0 = Release|Any CPU
	EndGlobalSection
	GlobalSection(SolutionProperties) = preSolution
		HideSolutionNode = FALSE
	EndGlobalSection
	GlobalSection(ExtensibilityGlobals) = postSolution
		SolutionGuid = {1D695EF9-0A69-4DAE-A831-792FC63B594D}
	EndGlobalSection
EndGlobal
